{
  "requires": true,
  "lockfileVersion": 1,
  "dependencies": {
    "jquery-svg-popup": {
      "version": "1.0.3",
      "resolved": "https://registry.npmjs.org/jquery-svg-popup/-/jquery-svg-popup-1.0.3.tgz",
      "integrity": "sha1-axUwJQxkImq1G/NyOrB9CCz3OFw="
    },
    "jquery-svg-progress": {
      "version": "1.0.1",
      "resolved": "https://registry.npmjs.org/jquery-svg-progress/-/jquery-svg-progress-1.0.1.tgz",
      "integrity": "sha1-7DxdCJvhgxzzByxxrpvQifFIvEo="
    }
  }
}
